
Microsoft Visual Studio Solution File, Format Version 12.00
# Visual Studio Version 16
VisualStudioVersion = 16.0.29209.62
MinimumVisualStudioVersion = 10.0.40219.1
Project("{FAE04EC0-301F-11D3-BF4B-00C04F79EFBC}") = "BotesPesqueros", "BotesPesqueros\BotesPesqueros.csproj", "{4D909156-29BD-4D6A-AF9C-C9786A5EB1BD}"
EndProject
Global
	GlobalSection(SolutionConfigurationPlatforms) = preSolution
		Debug|Any CPU = Debug|Any CPU
		Release|Any CPU = Release|Any CPU
	EndGlobalSection
	GlobalSection(ProjectConfigurationPlatforms) = postSolution
		{4D909156-29BD-4D6A-AF9C-C9786A5EB1BD}.Debug|Any CPU.ActiveCfg = Debug|Any CPU
		{4D909156-29BD-4D6A-AF9C-C9786A5EB1BD}.Debug|Any CPU.Build.0 = Debug|Any CPU
		{4D909156-29BD-4D6A-AF9C-C9786A5EB1BD}.Release|Any CPU.ActiveCfg = Release|Any CPU
		{4D909156-29BD-4D6A-AF9C-C9786A5EB1BD}.Release|Any CPU.Build.0 = Release|Any CPU
	EndGlobalSection
	GlobalSection(SolutionProperties) = preSolution
		HideSolutionNode = FALSE
	EndGlobalSection
	GlobalSection(ExtensibilityGlobals) = postSolution
		SolutionGuid = {69C498CA-7BE7-4CE0-A148-4C45930BF130}
	EndGlobalSection
EndGlobal
