
Microsoft Visual Studio Solution File, Format Version 12.00
# Visual Studio Version 16
VisualStudioVersion = 16.0.29209.62
MinimumVisualStudioVersion = 10.0.40219.1
Project("{FAE04EC0-301F-11D3-BF4B-00C04F79EFBC}") = "sprite-animacion", "sprite-animacion\sprite-animacion.csproj", "{50E29CD3-76C0-4A59-9B99-F9EBF0095451}"
EndProject
Global
	GlobalSection(SolutionConfigurationPlatforms) = preSolution
		Debug|Any CPU = Debug|Any CPU
		Release|Any CPU = Release|Any CPU
	EndGlobalSection
	GlobalSection(ProjectConfigurationPlatforms) = postSolution
		{50E29CD3-76C0-4A59-9B99-F9EBF0095451}.Debug|Any CPU.ActiveCfg = Debug|Any CPU
		{50E29CD3-76C0-4A59-9B99-F9EBF0095451}.Debug|Any CPU.Build.0 = Debug|Any CPU
		{50E29CD3-76C0-4A59-9B99-F9EBF0095451}.Release|Any CPU.ActiveCfg = Release|Any CPU
		{50E29CD3-76C0-4A59-9B99-F9EBF0095451}.Release|Any CPU.Build.0 = Release|Any CPU
	EndGlobalSection
	GlobalSection(SolutionProperties) = preSolution
		HideSolutionNode = FALSE
	EndGlobalSection
	GlobalSection(ExtensibilityGlobals) = postSolution
		SolutionGuid = {AA07E198-DE93-445F-9BA3-027ABF9A5105}
	EndGlobalSection
EndGlobal
