
Microsoft Visual Studio Solution File, Format Version 12.00
# Visual Studio Version 16
VisualStudioVersion = 16.0.29209.62
MinimumVisualStudioVersion = 10.0.40219.1
Project("{FAE04EC0-301F-11D3-BF4B-00C04F79EFBC}") = "clase02", "clase02\clase02.csproj", "{C11EF969-D670-48C7-9B2A-EB5F304ECD27}"
EndProject
Global
	GlobalSection(SolutionConfigurationPlatforms) = preSolution
		Debug|Any CPU = Debug|Any CPU
		Release|Any CPU = Release|Any CPU
	EndGlobalSection
	GlobalSection(ProjectConfigurationPlatforms) = postSolution
		{C11EF969-D670-48C7-9B2A-EB5F304ECD27}.Debug|Any CPU.ActiveCfg = Debug|Any CPU
		{C11EF969-D670-48C7-9B2A-EB5F304ECD27}.Debug|Any CPU.Build.0 = Debug|Any CPU
		{C11EF969-D670-48C7-9B2A-EB5F304ECD27}.Release|Any CPU.ActiveCfg = Release|Any CPU
		{C11EF969-D670-48C7-9B2A-EB5F304ECD27}.Release|Any CPU.Build.0 = Release|Any CPU
	EndGlobalSection
	GlobalSection(SolutionProperties) = preSolution
		HideSolutionNode = FALSE
	EndGlobalSection
	GlobalSection(ExtensibilityGlobals) = postSolution
		SolutionGuid = {1D9DCE3D-6BF1-4284-B1EF-5ED9FFF58B37}
	EndGlobalSection
EndGlobal
